
Microsoft Visual Studio Solution File, Format Version 12.00
# Visual Studio Version 17
VisualStudioVersion = 17.0.31903.59
MinimumVisualStudioVersion = 10.0.40219.1
Project("{FAE04EC0-301F-11D3-BF4B-00C04F79EFBC}") = "Tyuiu.DmitrievLR.Sprint3.Task0.V10.Lib", "Tyuiu.DmitrievLR.Sprint3.Task0.V10.Lib\Tyuiu.DmitrievLR.Sprint3.Task0.V10.Lib.csproj", "{C2F04EE8-0C35-40E0-AACA-2078A1025829}"
EndProject
Project("{FAE04EC0-301F-11D3-BF4B-00C04F79EFBC}") = "Tyuiu.DmitrievLR.Sprint3.Task0.V10", "Tyuiu.DmitrievLR.Sprint3.Task0.V10\Tyuiu.DmitrievLR.Sprint3.Task0.V10.csproj", "{2C821795-8624-439F-A438-34388F780AE7}"
EndProject
Project("{FAE04EC0-301F-11D3-BF4B-00C04F79EFBC}") = "Tyuiu.DmitrievLR.Sprint3.Task0.V10.Test", "Tyuiu.DmitrievLR.Sprint3.Task0.V10.Test\Tyuiu.DmitrievLR.Sprint3.Task0.V10.Test.csproj", "{3AC73B9E-B028-4780-B8AB-DE3356A1ECBF}"
EndProject
Project("{2150E333-8FDC-42A3-9474-1A3956D46DE8}") = "Task0", "Task0", "{98721A11-D07D-4459-83FE-6AB601F9C73B}"
EndProject
Project("{FAE04EC0-301F-11D3-BF4B-00C04F79EFBC}") = "Tyuiu.DmitrievLR.Sprint3.Task1.V16.Lib", "Tyuiu.DmitrievLR.Sprint3.Task1.V16.Lib\Tyuiu.DmitrievLR.Sprint3.Task1.V16.Lib.csproj", "{EBB714A1-58E0-4B35-9B80-39CBDEC8DEE6}"
EndProject
Project("{FAE04EC0-301F-11D3-BF4B-00C04F79EFBC}") = "Tyuiu.DmitrievLR.Sprint3.Task1.V16", "Tyuiu.DmitrievLR.Sprint3.Task1.V16\Tyuiu.DmitrievLR.Sprint3.Task1.V16.csproj", "{94BF60C3-AE84-492C-A820-2B1C140DC1F6}"
EndProject
Project("{FAE04EC0-301F-11D3-BF4B-00C04F79EFBC}") = "Tyuiu.DmitrievLR.Sprint3.Task1.V16.Test", "Tyuiu.DmitrievLR.Sprint3.Task1.V16.Test\Tyuiu.DmitrievLR.Sprint3.Task1.V16.Test.csproj", "{DADE7F85-16B8-4AA6-B0EC-7C60D5EC37F1}"
EndProject
Project("{2150E333-8FDC-42A3-9474-1A3956D46DE8}") = "Task1", "Task1", "{74D06F95-EA82-4FF8-ADDD-2087E764330A}"
EndProject
Project("{FAE04EC0-301F-11D3-BF4B-00C04F79EFBC}") = "Tyuiu.DmitrievLR.Sprint3.Task2.V7.Lib", "Tyuiu.DmitrievLR.Sprint3.Task2.V7.Lib\Tyuiu.DmitrievLR.Sprint3.Task2.V7.Lib.csproj", "{BAE4DB3E-D666-4562-9782-B64B50C3F943}"
EndProject
Project("{FAE04EC0-301F-11D3-BF4B-00C04F79EFBC}") = "Tyuiu.DmitrievLR.Sprint3.Task2.V7", "Tyuiu.DmitrievLR.Sprint3.Task2.V7\Tyuiu.DmitrievLR.Sprint3.Task2.V7.csproj", "{10BD0A49-3B57-48C8-A1E5-7054DF25FD8D}"
EndProject
Project("{FAE04EC0-301F-11D3-BF4B-00C04F79EFBC}") = "Tyuiu.DmitrievLR.Sprint3.Task2.V7.Test", "Tyuiu.DmitrievLR.Sprint3.Task2.V7.Test\Tyuiu.DmitrievLR.Sprint3.Task2.V7.Test.csproj", "{E67CA3A3-7923-4D04-AC89-7BB4680CEA78}"
EndProject
Project("{FAE04EC0-301F-11D3-BF4B-00C04F79EFBC}") = "Tyuiu.DmitrievLR.Sprint3.Task3.V5.Lib", "Tyuiu.DmitrievLR.Sprint3.Task3.V5.Lib\Tyuiu.DmitrievLR.Sprint3.Task3.V5.Lib.csproj", "{FA053B89-5683-4A1E-A7F9-023007AC2ACF}"
EndProject
Project("{FAE04EC0-301F-11D3-BF4B-00C04F79EFBC}") = "Tyuiu.DmitrievLR.Sprint3.Task3.V5", "Tyuiu.DmitrievLR.Sprint3.Task3.V5\Tyuiu.DmitrievLR.Sprint3.Task3.V5.csproj", "{71F8C455-03EB-4D92-A32A-D3CEB67A3EB3}"
EndProject
Project("{FAE04EC0-301F-11D3-BF4B-00C04F79EFBC}") = "Tyuiu.DmitrievLR.Sprint3.Task3.V5.Test", "Tyuiu.DmitrievLR.Sprint3.Task3.V5.Test\Tyuiu.DmitrievLR.Sprint3.Task3.V5.Test.csproj", "{24F13323-8678-4570-A55A-610325954B4D}"
EndProject
Project("{2150E333-8FDC-42A3-9474-1A3956D46DE8}") = "Task2", "Task2", "{36DFDD7B-9915-4763-B2CB-F506306F979E}"
EndProject
Project("{FAE04EC0-301F-11D3-BF4B-00C04F79EFBC}") = "Tyuiu.DmitrievLR.Sprint3.Task4.V24.Lib", "Tyuiu.DmitrievLR.Sprint3.Task4.V24.Lib\Tyuiu.DmitrievLR.Sprint3.Task4.V24.Lib.csproj", "{E5C1DD43-35FF-4CB6-84E0-06668A1EC313}"
EndProject
Project("{FAE04EC0-301F-11D3-BF4B-00C04F79EFBC}") = "Tyuiu.DmitrievLR.Sprint3.Task4.V24", "Tyuiu.DmitrievLR.Sprint3.Task4.V24\Tyuiu.DmitrievLR.Sprint3.Task4.V24.csproj", "{24C6C4AB-838E-44CE-B21F-B6BDF5D0EB80}"
EndProject
Project("{FAE04EC0-301F-11D3-BF4B-00C04F79EFBC}") = "Tyuiu.DmitrievLR.Sprint3.Task4.V24.Test", "Tyuiu.DmitrievLR.Sprint3.Task4.V24.Test\Tyuiu.DmitrievLR.Sprint3.Task4.V24.Test.csproj", "{42D1545B-94FF-4197-BB40-3C45310ACA88}"
EndProject
Project("{2150E333-8FDC-42A3-9474-1A3956D46DE8}") = "Task3", "Task3", "{4630EE07-71B3-48D6-AE7C-94B9511C2D8F}"
EndProject
Project("{2150E333-8FDC-42A3-9474-1A3956D46DE8}") = "Task4", "Task4", "{D27AB484-99E3-4099-BF89-4B1A88A1A2D6}"
EndProject
Project("{FAE04EC0-301F-11D3-BF4B-00C04F79EFBC}") = "Tyuiu.DmitrievLR.Sprint3.Task5.V2.Lib", "Tyuiu.DmitrievLR.Sprint3.Task5.V2.Lib\Tyuiu.DmitrievLR.Sprint3.Task5.V2.Lib.csproj", "{A2D2B68D-3B88-4264-83FF-6633424AFF29}"
EndProject
Project("{FAE04EC0-301F-11D3-BF4B-00C04F79EFBC}") = "Tyuiu.DmitrievLR.Sprint3.Task5.V2", "Tyuiu.DmitrievLR.Sprint3.Task5.V2\Tyuiu.DmitrievLR.Sprint3.Task5.V2.csproj", "{406EDD2F-BA86-4EE0-8C9F-373D199E5A62}"
EndProject
Project("{FAE04EC0-301F-11D3-BF4B-00C04F79EFBC}") = "Tyuiu.DmitrievLR.Sprint3.Task5.V2.Test", "Tyuiu.DmitrievLR.Sprint3.Task5.V2.Test\Tyuiu.DmitrievLR.Sprint3.Task5.V2.Test.csproj", "{0E803213-819A-4FCD-B9C2-14B968879EBF}"
EndProject
Project("{2150E333-8FDC-42A3-9474-1A3956D46DE8}") = "Task5", "Task5", "{0ED4BD71-1EE1-43B8-A289-167F1E0C6CF2}"
EndProject
Project("{FAE04EC0-301F-11D3-BF4B-00C04F79EFBC}") = "Tyuiu.DmitrievLR.Sprint3.Task6.V28.Lib", "Tyuiu.DmitrievLR.Sprint3.Task6.V28.Lib\Tyuiu.DmitrievLR.Sprint3.Task6.V28.Lib.csproj", "{384BD39D-0BE4-48FD-BD19-C079482A8947}"
EndProject
Project("{FAE04EC0-301F-11D3-BF4B-00C04F79EFBC}") = "Tyuiu.DmitrievLR.Sprint3.Task6.V28", "Tyuiu.DmitrievLR.Sprint3.Task6.V28\Tyuiu.DmitrievLR.Sprint3.Task6.V28.csproj", "{AAF9E382-6270-48C2-8B36-BDDA006B350C}"
EndProject
Project("{FAE04EC0-301F-11D3-BF4B-00C04F79EFBC}") = "Tyuiu.DmitrievLR.Sprint3.Task6.V28.Test", "Tyuiu.DmitrievLR.Sprint3.Task6.V28.Test\Tyuiu.DmitrievLR.Sprint3.Task6.V28.Test.csproj", "{17B70F0A-93E3-4608-9AD4-7339CD5EFA48}"
EndProject
Project("{2150E333-8FDC-42A3-9474-1A3956D46DE8}") = "Task6", "Task6", "{427936C2-1FDD-416C-A0D7-8EBC608307A2}"
EndProject
Global
	GlobalSection(SolutionConfigurationPlatforms) = preSolution
		Debug|Any CPU = Debug|Any CPU
		Release|Any CPU = Release|Any CPU
	EndGlobalSection
	GlobalSection(ProjectConfigurationPlatforms) = postSolution
		{C2F04EE8-0C35-40E0-AACA-2078A1025829}.Debug|Any CPU.ActiveCfg = Debug|Any CPU
		{C2F04EE8-0C35-40E0-AACA-2078A1025829}.Debug|Any CPU.Build.0 = Debug|Any CPU
		{C2F04EE8-0C35-40E0-AACA-2078A1025829}.Release|Any CPU.ActiveCfg = Release|Any CPU
		{C2F04EE8-0C35-40E0-AACA-2078A1025829}.Release|Any CPU.Build.0 = Release|Any CPU
		{2C821795-8624-439F-A438-34388F780AE7}.Debug|Any CPU.ActiveCfg = Debug|Any CPU
		{2C821795-8624-439F-A438-34388F780AE7}.Debug|Any CPU.Build.0 = Debug|Any CPU
		{2C821795-8624-439F-A438-34388F780AE7}.Release|Any CPU.ActiveCfg = Release|Any CPU
		{2C821795-8624-439F-A438-34388F780AE7}.Release|Any CPU.Build.0 = Release|Any CPU
		{3AC73B9E-B028-4780-B8AB-DE3356A1ECBF}.Debug|Any CPU.ActiveCfg = Debug|Any CPU
		{3AC73B9E-B028-4780-B8AB-DE3356A1ECBF}.Debug|Any CPU.Build.0 = Debug|Any CPU
		{3AC73B9E-B028-4780-B8AB-DE3356A1ECBF}.Release|Any CPU.ActiveCfg = Release|Any CPU
		{3AC73B9E-B028-4780-B8AB-DE3356A1ECBF}.Release|Any CPU.Build.0 = Release|Any CPU
		{EBB714A1-58E0-4B35-9B80-39CBDEC8DEE6}.Debug|Any CPU.ActiveCfg = Debug|Any CPU
		{EBB714A1-58E0-4B35-9B80-39CBDEC8DEE6}.Debug|Any CPU.Build.0 = Debug|Any CPU
		{EBB714A1-58E0-4B35-9B80-39CBDEC8DEE6}.Release|Any CPU.ActiveCfg = Release|Any CPU
		{EBB714A1-58E0-4B35-9B80-39CBDEC8DEE6}.Release|Any CPU.Build.0 = Release|Any CPU
		{94BF60C3-AE84-492C-A820-2B1C140DC1F6}.Debug|Any CPU.ActiveCfg = Debug|Any CPU
		{94BF60C3-AE84-492C-A820-2B1C140DC1F6}.Debug|Any CPU.Build.0 = Debug|Any CPU
		{94BF60C3-AE84-492C-A820-2B1C140DC1F6}.Release|Any CPU.ActiveCfg = Release|Any CPU
		{94BF60C3-AE84-492C-A820-2B1C140DC1F6}.Release|Any CPU.Build.0 = Release|Any CPU
		{DADE7F85-16B8-4AA6-B0EC-7C60D5EC37F1}.Debug|Any CPU.ActiveCfg = Debug|Any CPU
		{DADE7F85-16B8-4AA6-B0EC-7C60D5EC37F1}.Debug|Any CPU.Build.0 = Debug|Any CPU
		{DADE7F85-16B8-4AA6-B0EC-7C60D5EC37F1}.Release|Any CPU.ActiveCfg = Release|Any CPU
		{DADE7F85-16B8-4AA6-B0EC-7C60D5EC37F1}.Release|Any CPU.Build.0 = Release|Any CPU
		{BAE4DB3E-D666-4562-9782-B64B50C3F943}.Debug|Any CPU.ActiveCfg = Debug|Any CPU
		{BAE4DB3E-D666-4562-9782-B64B50C3F943}.Debug|Any CPU.Build.0 = Debug|Any CPU
		{BAE4DB3E-D666-4562-9782-B64B50C3F943}.Release|Any CPU.ActiveCfg = Release|Any CPU
		{BAE4DB3E-D666-4562-9782-B64B50C3F943}.Release|Any CPU.Build.0 = Release|Any CPU
		{10BD0A49-3B57-48C8-A1E5-7054DF25FD8D}.Debug|Any CPU.ActiveCfg = Debug|Any CPU
		{10BD0A49-3B57-48C8-A1E5-7054DF25FD8D}.Debug|Any CPU.Build.0 = Debug|Any CPU
		{10BD0A49-3B57-48C8-A1E5-7054DF25FD8D}.Release|Any CPU.ActiveCfg = Release|Any CPU
		{10BD0A49-3B57-48C8-A1E5-7054DF25FD8D}.Release|Any CPU.Build.0 = Release|Any CPU
		{E67CA3A3-7923-4D04-AC89-7BB4680CEA78}.Debug|Any CPU.ActiveCfg = Debug|Any CPU
		{E67CA3A3-7923-4D04-AC89-7BB4680CEA78}.Debug|Any CPU.Build.0 = Debug|Any CPU
		{E67CA3A3-7923-4D04-AC89-7BB4680CEA78}.Release|Any CPU.ActiveCfg = Release|Any CPU
		{E67CA3A3-7923-4D04-AC89-7BB4680CEA78}.Release|Any CPU.Build.0 = Release|Any CPU
		{FA053B89-5683-4A1E-A7F9-023007AC2ACF}.Debug|Any CPU.ActiveCfg = Debug|Any CPU
		{FA053B89-5683-4A1E-A7F9-023007AC2ACF}.Debug|Any CPU.Build.0 = Debug|Any CPU
		{FA053B89-5683-4A1E-A7F9-023007AC2ACF}.Release|Any CPU.ActiveCfg = Release|Any CPU
		{FA053B89-5683-4A1E-A7F9-023007AC2ACF}.Release|Any CPU.Build.0 = Release|Any CPU
		{71F8C455-03EB-4D92-A32A-D3CEB67A3EB3}.Debug|Any CPU.ActiveCfg = Debug|Any CPU
		{71F8C455-03EB-4D92-A32A-D3CEB67A3EB3}.Debug|Any CPU.Build.0 = Debug|Any CPU
		{71F8C455-03EB-4D92-A32A-D3CEB67A3EB3}.Release|Any CPU.ActiveCfg = Release|Any CPU
		{71F8C455-03EB-4D92-A32A-D3CEB67A3EB3}.Release|Any CPU.Build.0 = Release|Any CPU
		{24F13323-8678-4570-A55A-610325954B4D}.Debug|Any CPU.ActiveCfg = Debug|Any CPU
		{24F13323-8678-4570-A55A-610325954B4D}.Debug|Any CPU.Build.0 = Debug|Any CPU
		{24F13323-8678-4570-A55A-610325954B4D}.Release|Any CPU.ActiveCfg = Release|Any CPU
		{24F13323-8678-4570-A55A-610325954B4D}.Release|Any CPU.Build.0 = Release|Any CPU
		{E5C1DD43-35FF-4CB6-84E0-06668A1EC313}.Debug|Any CPU.ActiveCfg = Debug|Any CPU
		{E5C1DD43-35FF-4CB6-84E0-06668A1EC313}.Debug|Any CPU.Build.0 = Debug|Any CPU
		{E5C1DD43-35FF-4CB6-84E0-06668A1EC313}.Release|Any CPU.ActiveCfg = Release|Any CPU
		{E5C1DD43-35FF-4CB6-84E0-06668A1EC313}.Release|Any CPU.Build.0 = Release|Any CPU
		{24C6C4AB-838E-44CE-B21F-B6BDF5D0EB80}.Debug|Any CPU.ActiveCfg = Debug|Any CPU
		{24C6C4AB-838E-44CE-B21F-B6BDF5D0EB80}.Debug|Any CPU.Build.0 = Debug|Any CPU
		{24C6C4AB-838E-44CE-B21F-B6BDF5D0EB80}.Release|Any CPU.ActiveCfg = Release|Any CPU
		{24C6C4AB-838E-44CE-B21F-B6BDF5D0EB80}.Release|Any CPU.Build.0 = Release|Any CPU
		{42D1545B-94FF-4197-BB40-3C45310ACA88}.Debug|Any CPU.ActiveCfg = Debug|Any CPU
		{42D1545B-94FF-4197-BB40-3C45310ACA88}.Debug|Any CPU.Build.0 = Debug|Any CPU
		{42D1545B-94FF-4197-BB40-3C45310ACA88}.Release|Any CPU.ActiveCfg = Release|Any CPU
		{42D1545B-94FF-4197-BB40-3C45310ACA88}.Release|Any CPU.Build.0 = Release|Any CPU
		{A2D2B68D-3B88-4264-83FF-6633424AFF29}.Debug|Any CPU.ActiveCfg = Debug|Any CPU
		{A2D2B68D-3B88-4264-83FF-6633424AFF29}.Debug|Any CPU.Build.0 = Debug|Any CPU
		{A2D2B68D-3B88-4264-83FF-6633424AFF29}.Release|Any CPU.ActiveCfg = Release|Any CPU
		{A2D2B68D-3B88-4264-83FF-6633424AFF29}.Release|Any CPU.Build.0 = Release|Any CPU
		{406EDD2F-BA86-4EE0-8C9F-373D199E5A62}.Debug|Any CPU.ActiveCfg = Debug|Any CPU
		{406EDD2F-BA86-4EE0-8C9F-373D199E5A62}.Debug|Any CPU.Build.0 = Debug|Any CPU
		{406EDD2F-BA86-4EE0-8C9F-373D199E5A62}.Release|Any CPU.ActiveCfg = Release|Any CPU
		{406EDD2F-BA86-4EE0-8C9F-373D199E5A62}.Release|Any CPU.Build.0 = Release|Any CPU
		{0E803213-819A-4FCD-B9C2-14B968879EBF}.Debug|Any CPU.ActiveCfg = Debug|Any CPU
		{0E803213-819A-4FCD-B9C2-14B968879EBF}.Debug|Any CPU.Build.0 = Debug|Any CPU
		{0E803213-819A-4FCD-B9C2-14B968879EBF}.Release|Any CPU.ActiveCfg = Release|Any CPU
		{0E803213-819A-4FCD-B9C2-14B968879EBF}.Release|Any CPU.Build.0 = Release|Any CPU
		{384BD39D-0BE4-48FD-BD19-C079482A8947}.Debug|Any CPU.ActiveCfg = Debug|Any CPU
		{384BD39D-0BE4-48FD-BD19-C079482A8947}.Debug|Any CPU.Build.0 = Debug|Any CPU
		{384BD39D-0BE4-48FD-BD19-C079482A8947}.Release|Any CPU.ActiveCfg = Release|Any CPU
		{384BD39D-0BE4-48FD-BD19-C079482A8947}.Release|Any CPU.Build.0 = Release|Any CPU
		{AAF9E382-6270-48C2-8B36-BDDA006B350C}.Debug|Any CPU.ActiveCfg = Debug|Any CPU
		{AAF9E382-6270-48C2-8B36-BDDA006B350C}.Debug|Any CPU.Build.0 = Debug|Any CPU
		{AAF9E382-6270-48C2-8B36-BDDA006B350C}.Release|Any CPU.ActiveCfg = Release|Any CPU
		{AAF9E382-6270-48C2-8B36-BDDA006B350C}.Release|Any CPU.Build.0 = Release|Any CPU
		{17B70F0A-93E3-4608-9AD4-7339CD5EFA48}.Debug|Any CPU.ActiveCfg = Debug|Any CPU
		{17B70F0A-93E3-4608-9AD4-7339CD5EFA48}.Debug|Any CPU.Build.0 = Debug|Any CPU
		{17B70F0A-93E3-4608-9AD4-7339CD5EFA48}.Release|Any CPU.ActiveCfg = Release|Any CPU
		{17B70F0A-93E3-4608-9AD4-7339CD5EFA48}.Release|Any CPU.Build.0 = Release|Any CPU
	EndGlobalSection
	GlobalSection(SolutionProperties) = preSolution
		HideSolutionNode = FALSE
	EndGlobalSection
	GlobalSection(NestedProjects) = preSolution
		{C2F04EE8-0C35-40E0-AACA-2078A1025829} = {98721A11-D07D-4459-83FE-6AB601F9C73B}
		{2C821795-8624-439F-A438-34388F780AE7} = {98721A11-D07D-4459-83FE-6AB601F9C73B}
		{3AC73B9E-B028-4780-B8AB-DE3356A1ECBF} = {98721A11-D07D-4459-83FE-6AB601F9C73B}
		{EBB714A1-58E0-4B35-9B80-39CBDEC8DEE6} = {74D06F95-EA82-4FF8-ADDD-2087E764330A}
		{94BF60C3-AE84-492C-A820-2B1C140DC1F6} = {74D06F95-EA82-4FF8-ADDD-2087E764330A}
		{DADE7F85-16B8-4AA6-B0EC-7C60D5EC37F1} = {74D06F95-EA82-4FF8-ADDD-2087E764330A}
		{BAE4DB3E-D666-4562-9782-B64B50C3F943} = {36DFDD7B-9915-4763-B2CB-F506306F979E}
		{10BD0A49-3B57-48C8-A1E5-7054DF25FD8D} = {36DFDD7B-9915-4763-B2CB-F506306F979E}
		{E67CA3A3-7923-4D04-AC89-7BB4680CEA78} = {36DFDD7B-9915-4763-B2CB-F506306F979E}
		{FA053B89-5683-4A1E-A7F9-023007AC2ACF} = {4630EE07-71B3-48D6-AE7C-94B9511C2D8F}
		{71F8C455-03EB-4D92-A32A-D3CEB67A3EB3} = {4630EE07-71B3-48D6-AE7C-94B9511C2D8F}
		{24F13323-8678-4570-A55A-610325954B4D} = {4630EE07-71B3-48D6-AE7C-94B9511C2D8F}
		{E5C1DD43-35FF-4CB6-84E0-06668A1EC313} = {D27AB484-99E3-4099-BF89-4B1A88A1A2D6}
		{24C6C4AB-838E-44CE-B21F-B6BDF5D0EB80} = {D27AB484-99E3-4099-BF89-4B1A88A1A2D6}
		{42D1545B-94FF-4197-BB40-3C45310ACA88} = {D27AB484-99E3-4099-BF89-4B1A88A1A2D6}
		{A2D2B68D-3B88-4264-83FF-6633424AFF29} = {0ED4BD71-1EE1-43B8-A289-167F1E0C6CF2}
		{406EDD2F-BA86-4EE0-8C9F-373D199E5A62} = {0ED4BD71-1EE1-43B8-A289-167F1E0C6CF2}
		{0E803213-819A-4FCD-B9C2-14B968879EBF} = {0ED4BD71-1EE1-43B8-A289-167F1E0C6CF2}
		{384BD39D-0BE4-48FD-BD19-C079482A8947} = {427936C2-1FDD-416C-A0D7-8EBC608307A2}
		{AAF9E382-6270-48C2-8B36-BDDA006B350C} = {427936C2-1FDD-416C-A0D7-8EBC608307A2}
		{17B70F0A-93E3-4608-9AD4-7339CD5EFA48} = {427936C2-1FDD-416C-A0D7-8EBC608307A2}
	EndGlobalSection
EndGlobal
