
Microsoft Visual Studio Solution File, Format Version 12.00
# Visual Studio Version 17
VisualStudioVersion = 17.0.31903.59
MinimumVisualStudioVersion = 10.0.40219.1
Project("{FAE04EC0-301F-11D3-BF4B-00C04F79EFBC}") = "Tyuiu.DmitrievLR.Sprint3.Task0.V10.Lib", "Tyuiu.DmitrievLR.Sprint3.Task0.V10.Lib\Tyuiu.DmitrievLR.Sprint3.Task0.V10.Lib.csproj", "{C2F04EE8-0C35-40E0-AACA-2078A1025829}"
EndProject
Project("{FAE04EC0-301F-11D3-BF4B-00C04F79EFBC}") = "Tyuiu.DmitrievLR.Sprint3.Task0.V10", "Tyuiu.DmitrievLR.Sprint3.Task0.V10\Tyuiu.DmitrievLR.Sprint3.Task0.V10.csproj", "{2C821795-8624-439F-A438-34388F780AE7}"
EndProject
Project("{FAE04EC0-301F-11D3-BF4B-00C04F79EFBC}") = "Tyuiu.DmitrievLR.Sprint3.Task0.V10.Test", "Tyuiu.DmitrievLR.Sprint3.Task0.V10.Test\Tyuiu.DmitrievLR.Sprint3.Task0.V10.Test.csproj", "{3AC73B9E-B028-4780-B8AB-DE3356A1ECBF}"
EndProject
Project("{2150E333-8FDC-42A3-9474-1A3956D46DE8}") = "Task0", "Task0", "{98721A11-D07D-4459-83FE-6AB601F9C73B}"
EndProject
Project("{FAE04EC0-301F-11D3-BF4B-00C04F79EFBC}") = "Tyuiu.DmitrievLR.Sprint3.Task1.V16.Lib", "Tyuiu.DmitrievLR.Sprint3.Task1.V16.Lib\Tyuiu.DmitrievLR.Sprint3.Task1.V16.Lib.csproj", "{EBB714A1-58E0-4B35-9B80-39CBDEC8DEE6}"
EndProject
Project("{FAE04EC0-301F-11D3-BF4B-00C04F79EFBC}") = "Tyuiu.DmitrievLR.Sprint3.Task1.V16", "Tyuiu.DmitrievLR.Sprint3.Task1.V16\Tyuiu.DmitrievLR.Sprint3.Task1.V16.csproj", "{94BF60C3-AE84-492C-A820-2B1C140DC1F6}"
EndProject
Project("{FAE04EC0-301F-11D3-BF4B-00C04F79EFBC}") = "Tyuiu.DmitrievLR.Sprint3.Task1.V16.Test", "Tyuiu.DmitrievLR.Sprint3.Task1.V16.Test\Tyuiu.DmitrievLR.Sprint3.Task1.V16.Test.csproj", "{DADE7F85-16B8-4AA6-B0EC-7C60D5EC37F1}"
EndProject
Project("{2150E333-8FDC-42A3-9474-1A3956D46DE8}") = "Task1", "Task1", "{74D06F95-EA82-4FF8-ADDD-2087E764330A}"
EndProject
Project("{FAE04EC0-301F-11D3-BF4B-00C04F79EFBC}") = "Tyuiu.DmitrievLR.Sprint3.Task2.V7.Lib", "Tyuiu.DmitrievLR.Sprint3.Task2.V7.Lib\Tyuiu.DmitrievLR.Sprint3.Task2.V7.Lib.csproj", "{BAE4DB3E-D666-4562-9782-B64B50C3F943}"
EndProject
Project("{FAE04EC0-301F-11D3-BF4B-00C04F79EFBC}") = "Tyuiu.DmitrievLR.Sprint3.Task2.V7", "Tyuiu.DmitrievLR.Sprint3.Task2.V7\Tyuiu.DmitrievLR.Sprint3.Task2.V7.csproj", "{10BD0A49-3B57-48C8-A1E5-7054DF25FD8D}"
EndProject
Project("{FAE04EC0-301F-11D3-BF4B-00C04F79EFBC}") = "Tyuiu.DmitrievLR.Sprint3.Task2.V7.Test", "Tyuiu.DmitrievLR.Sprint3.Task2.V7.Test\Tyuiu.DmitrievLR.Sprint3.Task2.V7.Test.csproj", "{E67CA3A3-7923-4D04-AC89-7BB4680CEA78}"
EndProject
Global
	GlobalSection(SolutionConfigurationPlatforms) = preSolution
		Debug|Any CPU = Debug|Any CPU
		Release|Any CPU = Release|Any CPU
	EndGlobalSection
	GlobalSection(ProjectConfigurationPlatforms) = postSolution
		{C2F04EE8-0C35-40E0-AACA-2078A1025829}.Debug|Any CPU.ActiveCfg = Debug|Any CPU
		{C2F04EE8-0C35-40E0-AACA-2078A1025829}.Debug|Any CPU.Build.0 = Debug|Any CPU
		{C2F04EE8-0C35-40E0-AACA-2078A1025829}.Release|Any CPU.ActiveCfg = Release|Any CPU
		{C2F04EE8-0C35-40E0-AACA-2078A1025829}.Release|Any CPU.Build.0 = Release|Any CPU
		{2C821795-8624-439F-A438-34388F780AE7}.Debug|Any CPU.ActiveCfg = Debug|Any CPU
		{2C821795-8624-439F-A438-34388F780AE7}.Debug|Any CPU.Build.0 = Debug|Any CPU
		{2C821795-8624-439F-A438-34388F780AE7}.Release|Any CPU.ActiveCfg = Release|Any CPU
		{2C821795-8624-439F-A438-34388F780AE7}.Release|Any CPU.Build.0 = Release|Any CPU
		{3AC73B9E-B028-4780-B8AB-DE3356A1ECBF}.Debug|Any CPU.ActiveCfg = Debug|Any CPU
		{3AC73B9E-B028-4780-B8AB-DE3356A1ECBF}.Debug|Any CPU.Build.0 = Debug|Any CPU
		{3AC73B9E-B028-4780-B8AB-DE3356A1ECBF}.Release|Any CPU.ActiveCfg = Release|Any CPU
		{3AC73B9E-B028-4780-B8AB-DE3356A1ECBF}.Release|Any CPU.Build.0 = Release|Any CPU
		{EBB714A1-58E0-4B35-9B80-39CBDEC8DEE6}.Debug|Any CPU.ActiveCfg = Debug|Any CPU
		{EBB714A1-58E0-4B35-9B80-39CBDEC8DEE6}.Debug|Any CPU.Build.0 = Debug|Any CPU
		{EBB714A1-58E0-4B35-9B80-39CBDEC8DEE6}.Release|Any CPU.ActiveCfg = Release|Any CPU
		{EBB714A1-58E0-4B35-9B80-39CBDEC8DEE6}.Release|Any CPU.Build.0 = Release|Any CPU
		{94BF60C3-AE84-492C-A820-2B1C140DC1F6}.Debug|Any CPU.ActiveCfg = Debug|Any CPU
		{94BF60C3-AE84-492C-A820-2B1C140DC1F6}.Debug|Any CPU.Build.0 = Debug|Any CPU
		{94BF60C3-AE84-492C-A820-2B1C140DC1F6}.Release|Any CPU.ActiveCfg = Release|Any CPU
		{94BF60C3-AE84-492C-A820-2B1C140DC1F6}.Release|Any CPU.Build.0 = Release|Any CPU
		{DADE7F85-16B8-4AA6-B0EC-7C60D5EC37F1}.Debug|Any CPU.ActiveCfg = Debug|Any CPU
		{DADE7F85-16B8-4AA6-B0EC-7C60D5EC37F1}.Debug|Any CPU.Build.0 = Debug|Any CPU
		{DADE7F85-16B8-4AA6-B0EC-7C60D5EC37F1}.Release|Any CPU.ActiveCfg = Release|Any CPU
		{DADE7F85-16B8-4AA6-B0EC-7C60D5EC37F1}.Release|Any CPU.Build.0 = Release|Any CPU
		{BAE4DB3E-D666-4562-9782-B64B50C3F943}.Debug|Any CPU.ActiveCfg = Debug|Any CPU
		{BAE4DB3E-D666-4562-9782-B64B50C3F943}.Debug|Any CPU.Build.0 = Debug|Any CPU
		{BAE4DB3E-D666-4562-9782-B64B50C3F943}.Release|Any CPU.ActiveCfg = Release|Any CPU
		{BAE4DB3E-D666-4562-9782-B64B50C3F943}.Release|Any CPU.Build.0 = Release|Any CPU
		{10BD0A49-3B57-48C8-A1E5-7054DF25FD8D}.Debug|Any CPU.ActiveCfg = Debug|Any CPU
		{10BD0A49-3B57-48C8-A1E5-7054DF25FD8D}.Debug|Any CPU.Build.0 = Debug|Any CPU
		{10BD0A49-3B57-48C8-A1E5-7054DF25FD8D}.Release|Any CPU.ActiveCfg = Release|Any CPU
		{10BD0A49-3B57-48C8-A1E5-7054DF25FD8D}.Release|Any CPU.Build.0 = Release|Any CPU
		{E67CA3A3-7923-4D04-AC89-7BB4680CEA78}.Debug|Any CPU.ActiveCfg = Debug|Any CPU
		{E67CA3A3-7923-4D04-AC89-7BB4680CEA78}.Debug|Any CPU.Build.0 = Debug|Any CPU
		{E67CA3A3-7923-4D04-AC89-7BB4680CEA78}.Release|Any CPU.ActiveCfg = Release|Any CPU
		{E67CA3A3-7923-4D04-AC89-7BB4680CEA78}.Release|Any CPU.Build.0 = Release|Any CPU
	EndGlobalSection
	GlobalSection(SolutionProperties) = preSolution
		HideSolutionNode = FALSE
	EndGlobalSection
	GlobalSection(NestedProjects) = preSolution
		{C2F04EE8-0C35-40E0-AACA-2078A1025829} = {98721A11-D07D-4459-83FE-6AB601F9C73B}
		{2C821795-8624-439F-A438-34388F780AE7} = {98721A11-D07D-4459-83FE-6AB601F9C73B}
		{3AC73B9E-B028-4780-B8AB-DE3356A1ECBF} = {98721A11-D07D-4459-83FE-6AB601F9C73B}
		{EBB714A1-58E0-4B35-9B80-39CBDEC8DEE6} = {74D06F95-EA82-4FF8-ADDD-2087E764330A}
		{94BF60C3-AE84-492C-A820-2B1C140DC1F6} = {74D06F95-EA82-4FF8-ADDD-2087E764330A}
		{DADE7F85-16B8-4AA6-B0EC-7C60D5EC37F1} = {74D06F95-EA82-4FF8-ADDD-2087E764330A}
	EndGlobalSection
EndGlobal
